
Microsoft Visual Studio Solution File, Format Version 12.00
# Visual Studio Version 17
VisualStudioVersion = 17.4.33205.214
MinimumVisualStudioVersion = 10.0.40219.1
Project("{9A19103F-16F7-4668-BE54-9A1E7A4F7556}") = "InstanceThreadPool", "InstanceThreadPool\InstanceThreadPool.csproj", "{015F070B-EBA3-4616-89CE-5CE59B8DD821}"
EndProject
Project("{FAE04EC0-301F-11D3-BF4B-00C04F79EFBC}") = "InstanceThreadPool.ConsoleTest", "InstanceThreadPool.ConsoleTest\InstanceThreadPool.ConsoleTest.csproj", "{48526266-4883-4885-97D4-F3D410C2D10B}"
EndProject
Global
	GlobalSection(SolutionConfigurationPlatforms) = preSolution
		Debug|Any CPU = Debug|Any CPU
		Release|Any CPU = Release|Any CPU
	EndGlobalSection
	GlobalSection(ProjectConfigurationPlatforms) = postSolution
		{015F070B-EBA3-4616-89CE-5CE59B8DD821}.Debug|Any CPU.ActiveCfg = Debug|Any CPU
		{015F070B-EBA3-4616-89CE-5CE59B8DD821}.Debug|Any CPU.Build.0 = Debug|Any CPU
		{015F070B-EBA3-4616-89CE-5CE59B8DD821}.Release|Any CPU.ActiveCfg = Release|Any CPU
		{015F070B-EBA3-4616-89CE-5CE59B8DD821}.Release|Any CPU.Build.0 = Release|Any CPU
		{48526266-4883-4885-97D4-F3D410C2D10B}.Debug|Any CPU.ActiveCfg = Debug|Any CPU
		{48526266-4883-4885-97D4-F3D410C2D10B}.Debug|Any CPU.Build.0 = Debug|Any CPU
		{48526266-4883-4885-97D4-F3D410C2D10B}.Release|Any CPU.ActiveCfg = Release|Any CPU
		{48526266-4883-4885-97D4-F3D410C2D10B}.Release|Any CPU.Build.0 = Release|Any CPU
	EndGlobalSection
	GlobalSection(SolutionProperties) = preSolution
		HideSolutionNode = FALSE
	EndGlobalSection
	GlobalSection(ExtensibilityGlobals) = postSolution
		SolutionGuid = {A86B2301-0DCD-4AFB-94AC-58CEFB8D4C4C}
	EndGlobalSection
EndGlobal
